Microsoft Visual Studio Solution File, Format Version 11.00
# Visual Studio 2008

Project("{15B1799C-DD0B-A20D-DD53-247826538DF8}") = "Tutorial 1- Roll a Ball", "Assembly-CSharp.csproj", "{B2BFBA6E-0467-8D83-8CA1-01BE3627454C}"
EndProject
Global
	GlobalSection(SolutionConfigurationPlatforms) = preSolution
		Debug|Any CPU = Debug|Any CPU
		Release|Any CPU = Release|Any CPU
	EndGlobalSection
	GlobalSection(ProjectConfigurationPlatforms) = postSolution
		{B2BFBA6E-0467-8D83-8CA1-01BE3627454C}.Debug|Any CPU.ActiveCfg = Debug|Any CPU
		{B2BFBA6E-0467-8D83-8CA1-01BE3627454C}.Debug|Any CPU.Build.0 = Debug|Any CPU
		{B2BFBA6E-0467-8D83-8CA1-01BE3627454C}.Release|Any CPU.ActiveCfg = Release|Any CPU
		{B2BFBA6E-0467-8D83-8CA1-01BE3627454C}.Release|Any CPU.Build.0 = Release|Any CPU
	EndGlobalSection
	GlobalSection(SolutionProperties) = preSolution
		HideSolutionNode = FALSE
	EndGlobalSection
	GlobalSection(MonoDevelopProperties) = preSolution
		StartupItem = Assembly-CSharp.csproj
	EndGlobalSection
EndGlobal
